
Microsoft Visual Studio Solution File, Format Version 12.00
# Visual Studio Version 17
VisualStudioVersion = 17.9.34607.119
MinimumVisualStudioVersion = 10.0.40219.1
Project("{FAE04EC0-301F-11D3-BF4B-00C04F79EFBC}") = "RadioAmCalc", "RadioAmCalc\RadioAmCalc.csproj", "{CA5EC0A9-53D3-4671-ACDA-87F1DF271359}"
EndProject
Global
	GlobalSection(SolutionConfigurationPlatforms) = preSolution
		Debug|Any CPU = Debug|Any CPU
		Release|Any CPU = Release|Any CPU
	EndGlobalSection
	GlobalSection(ProjectConfigurationPlatforms) = postSolution
		{CA5EC0A9-53D3-4671-ACDA-87F1DF271359}.Debug|Any CPU.ActiveCfg = Debug|Any CPU
		{CA5EC0A9-53D3-4671-ACDA-87F1DF271359}.Debug|Any CPU.Build.0 = Debug|Any CPU
		{CA5EC0A9-53D3-4671-ACDA-87F1DF271359}.Release|Any CPU.ActiveCfg = Release|Any CPU
		{CA5EC0A9-53D3-4671-ACDA-87F1DF271359}.Release|Any CPU.Build.0 = Release|Any CPU
	EndGlobalSection
	GlobalSection(SolutionProperties) = preSolution
		HideSolutionNode = FALSE
	EndGlobalSection
	GlobalSection(ExtensibilityGlobals) = postSolution
		SolutionGuid = {BB1675E4-A8F7-4380-8A17-048CF4E7AD0A}
	EndGlobalSection
EndGlobal
